
Microsoft Visual Studio Solution File, Format Version 12.00
# Visual Studio Version 16
VisualStudioVersion = 16.0.28922.388
MinimumVisualStudioVersion = 10.0.40219.1
Project("{FAE04EC0-301F-11D3-BF4B-00C04F79EFBC}") = "ReadonlyMembers", "ReadonlyMembers\ReadonlyMembers.csproj", "{0780B2D5-29D3-4D7A-83B4-84186829D5F5}"
EndProject
Project("{FAE04EC0-301F-11D3-BF4B-00C04F79EFBC}") = "DefaultInterfaceMembers", "DefaultInterfaceMembers\DefaultInterfaceMembers.csproj", "{D40A7426-7726-4CC4-94A5-9FD33C471F74}"
EndProject
Project("{FAE04EC0-301F-11D3-BF4B-00C04F79EFBC}") = "PositionalPatterns", "PositionalPatterns\PositionalPatterns.csproj", "{57EE2C30-3DA8-4557-AF62-3B849EBDB165}"
EndProject
Project("{FAE04EC0-301F-11D3-BF4B-00C04F79EFBC}") = "DisposableRefStructs", "DisposableRefStructs\DisposableRefStructs.csproj", "{4DDF6C32-7863-4275-BE35-8EEA77E0BFAF}"
EndProject
Global
	GlobalSection(SolutionConfigurationPlatforms) = preSolution
		Debug|Any CPU = Debug|Any CPU
		Release|Any CPU = Release|Any CPU
	EndGlobalSection
	GlobalSection(ProjectConfigurationPlatforms) = postSolution
		{0780B2D5-29D3-4D7A-83B4-84186829D5F5}.Debug|Any CPU.ActiveCfg = Debug|Any CPU
		{0780B2D5-29D3-4D7A-83B4-84186829D5F5}.Debug|Any CPU.Build.0 = Debug|Any CPU
		{0780B2D5-29D3-4D7A-83B4-84186829D5F5}.Release|Any CPU.ActiveCfg = Release|Any CPU
		{0780B2D5-29D3-4D7A-83B4-84186829D5F5}.Release|Any CPU.Build.0 = Release|Any CPU
		{D40A7426-7726-4CC4-94A5-9FD33C471F74}.Debug|Any CPU.ActiveCfg = Debug|Any CPU
		{D40A7426-7726-4CC4-94A5-9FD33C471F74}.Debug|Any CPU.Build.0 = Debug|Any CPU
		{D40A7426-7726-4CC4-94A5-9FD33C471F74}.Release|Any CPU.ActiveCfg = Release|Any CPU
		{D40A7426-7726-4CC4-94A5-9FD33C471F74}.Release|Any CPU.Build.0 = Release|Any CPU
		{57EE2C30-3DA8-4557-AF62-3B849EBDB165}.Debug|Any CPU.ActiveCfg = Debug|Any CPU
		{57EE2C30-3DA8-4557-AF62-3B849EBDB165}.Debug|Any CPU.Build.0 = Debug|Any CPU
		{57EE2C30-3DA8-4557-AF62-3B849EBDB165}.Release|Any CPU.ActiveCfg = Release|Any CPU
		{57EE2C30-3DA8-4557-AF62-3B849EBDB165}.Release|Any CPU.Build.0 = Release|Any CPU
		{4DDF6C32-7863-4275-BE35-8EEA77E0BFAF}.Debug|Any CPU.ActiveCfg = Debug|Any CPU
		{4DDF6C32-7863-4275-BE35-8EEA77E0BFAF}.Debug|Any CPU.Build.0 = Debug|Any CPU
		{4DDF6C32-7863-4275-BE35-8EEA77E0BFAF}.Release|Any CPU.ActiveCfg = Release|Any CPU
		{4DDF6C32-7863-4275-BE35-8EEA77E0BFAF}.Release|Any CPU.Build.0 = Release|Any CPU
	EndGlobalSection
	GlobalSection(SolutionProperties) = preSolution
		HideSolutionNode = FALSE
	EndGlobalSection
	GlobalSection(ExtensibilityGlobals) = postSolution
		SolutionGuid = {505770CA-B97B-440E-90DA-B46528A509E8}
	EndGlobalSection
EndGlobal
